
Microsoft Visual Studio Solution File, Format Version 12.00
# Visual Studio Version 16
VisualStudioVersion = 16.0.30503.244
MinimumVisualStudioVersion = 10.0.40219.1
Project("{9A19103F-16F7-4668-BE54-9A1E7A4F7556}") = "MatchingGame", "MatchingGame\MatchingGame.csproj", "{9E74111E-BABB-41F6-95C6-33FFE6B2142C}"
EndProject
Project("{9A19103F-16F7-4668-BE54-9A1E7A4F7556}") = "MatchingGame.Core", "MatchingGame.Core\MatchingGame.Core.csproj", "{AD581A81-E53B-420C-B33B-2F5834A737A6}"
EndProject
Project("{9A19103F-16F7-4668-BE54-9A1E7A4F7556}") = "MatchingGame.Service", "MatchingGame.Service\MatchingGame.Service.csproj", "{71B770F3-E4A4-4953-B0F4-C346A52D047C}"
EndProject
Global
	GlobalSection(SolutionConfigurationPlatforms) = preSolution
		Debug|Any CPU = Debug|Any CPU
		Release|Any CPU = Release|Any CPU
	EndGlobalSection
	GlobalSection(ProjectConfigurationPlatforms) = postSolution
		{9E74111E-BABB-41F6-95C6-33FFE6B2142C}.Debug|Any CPU.ActiveCfg = Debug|Any CPU
		{9E74111E-BABB-41F6-95C6-33FFE6B2142C}.Debug|Any CPU.Build.0 = Debug|Any CPU
		{9E74111E-BABB-41F6-95C6-33FFE6B2142C}.Release|Any CPU.ActiveCfg = Release|Any CPU
		{9E74111E-BABB-41F6-95C6-33FFE6B2142C}.Release|Any CPU.Build.0 = Release|Any CPU
		{AD581A81-E53B-420C-B33B-2F5834A737A6}.Debug|Any CPU.ActiveCfg = Debug|Any CPU
		{AD581A81-E53B-420C-B33B-2F5834A737A6}.Debug|Any CPU.Build.0 = Debug|Any CPU
		{AD581A81-E53B-420C-B33B-2F5834A737A6}.Release|Any CPU.ActiveCfg = Release|Any CPU
		{AD581A81-E53B-420C-B33B-2F5834A737A6}.Release|Any CPU.Build.0 = Release|Any CPU
		{71B770F3-E4A4-4953-B0F4-C346A52D047C}.Debug|Any CPU.ActiveCfg = Debug|Any CPU
		{71B770F3-E4A4-4953-B0F4-C346A52D047C}.Debug|Any CPU.Build.0 = Debug|Any CPU
		{71B770F3-E4A4-4953-B0F4-C346A52D047C}.Release|Any CPU.ActiveCfg = Release|Any CPU
		{71B770F3-E4A4-4953-B0F4-C346A52D047C}.Release|Any CPU.Build.0 = Release|Any CPU
	EndGlobalSection
	GlobalSection(SolutionProperties) = preSolution
		HideSolutionNode = FALSE
	EndGlobalSection
	GlobalSection(ExtensibilityGlobals) = postSolution
		SolutionGuid = {B9B4C88A-A937-42C0-94A9-282B48500326}
	EndGlobalSection
EndGlobal
